github.com/juliens/wasm-goexport v0.0.4 h1:Kj2xaRSE7x73d/AjJ3moBgMS9kI6TgqOL4QS6WmWym4=
github.com/juliens/wasm-goexport v0.0.4/go.mod h1:9Csd4i5itjBZ/yQdNFOJuVWlAWjyAgyBBZ4YlcWK+oM=
github.com/tetratelabs/wazero v1.7.2 h1:1+z5nXJNwMLPAWaTePFi49SSTL0IMx/i3Fg8Yc25GDc=
github.com/tetratelabs/wazero v1.7.2/go.mod h1:ytl6Zuh20R/eROuyDaGPkp82O9C/DJfXAwJfQ3X6/7Y=
